
Microsoft Visual Studio Solution File, Format Version 12.00
# Visual Studio 2013
VisualStudioVersion = 12.0.30501.0
MinimumVisualStudioVersion = 10.0.40219.1
Project("{FAE04EC0-301F-11D3-BF4B-00C04F79EFBC}") = "WSCT.IronPython", "WSCT.IronPython\WSCT.IronPython.csproj", "{DD746FD7-D82A-4824-9178-10CF51DCABB4}"
EndProject
Project("{FAE04EC0-301F-11D3-BF4B-00C04F79EFBC}") = "WSCT.IronPython.ConsoleTests", "WSCT.IronPython.ConsoleTests\WSCT.IronPython.ConsoleTests.csproj", "{7167A3D1-6B0A-4929-BC71-3EA10CCD875F}"
EndProject
Project("{FAE04EC0-301F-11D3-BF4B-00C04F79EFBC}") = "WSCT.IronPython.Execute", "WSCT.IronPython.Execute\WSCT.IronPython.Execute.csproj", "{C59DAA24-1630-41D7-A42F-32015F834B08}"
EndProject
Project("{2150E333-8FDC-42A3-9474-1A3956D46DE8}") = "WSCT Core", "WSCT Core", "{04F7810B-65CE-4AD8-BBEB-54976ABA62A4}"
EndProject
Project("{FAE04EC0-301F-11D3-BF4B-00C04F79EFBC}") = "WSCT.Helpers", "..\WSCT Core\WSCT.Helpers\WSCT.Helpers.csproj", "{B95B0E58-9296-4A15-AA69-10A7B6DC2267}"
EndProject
Project("{FAE04EC0-301F-11D3-BF4B-00C04F79EFBC}") = "WSCT.Wrapper.Desktop", "..\WSCT Core\WSCT.Wrapper.Desktop\WSCT.Wrapper.Desktop.csproj", "{19B66E6E-7E5E-481A-8718-3F9C44212AD6}"
EndProject
Project("{FAE04EC0-301F-11D3-BF4B-00C04F79EFBC}") = "WSCT.Wrapper.MacOSX", "..\WSCT Core\WSCT.Wrapper.MacOSX\WSCT.Wrapper.MacOSX.csproj", "{0F6F8081-B090-4505-9FBC-F127AA18806F}"
EndProject
Project("{FAE04EC0-301F-11D3-BF4B-00C04F79EFBC}") = "WSCT.Wrapper.PCSCLite32", "..\WSCT Core\WSCT.Wrapper.PCSCLite32\WSCT.Wrapper.PCSCLite32.csproj", "{8AAE3E6A-D6FE-4B35-AF27-731CE1996106}"
EndProject
Project("{FAE04EC0-301F-11D3-BF4B-00C04F79EFBC}") = "WSCT.Wrapper.PCSCLite64", "..\WSCT Core\WSCT.Wrapper.PCSCLite64\WSCT.Wrapper.PCSCLite64.csproj", "{796A4CE8-2724-43C9-BCD8-5CFD331AA541}"
EndProject
Project("{FAE04EC0-301F-11D3-BF4B-00C04F79EFBC}") = "WSCT.Wrapper.WinSCard", "..\WSCT Core\WSCT.Wrapper.WinSCard\WSCT.Wrapper.WinSCard.csproj", "{651952E8-6D49-44E6-AB52-3C4BD78255FA}"
EndProject
Project("{FAE04EC0-301F-11D3-BF4B-00C04F79EFBC}") = "WSCT", "..\WSCT Core\WSCT\WSCT.csproj", "{4EABE8DA-0BCB-4BC6-A571-7618AC0EC4B6}"
EndProject
Project("{FAE04EC0-301F-11D3-BF4B-00C04F79EFBC}") = "WSCT.Helpers.Desktop", "..\WSCT Core\WSCT.Helpers.Desktop\WSCT.Helpers.Desktop.csproj", "{A3EEF6F2-8509-4EB2-A8B3-B31786EBB248}"
EndProject
Global
	GlobalSection(SolutionConfigurationPlatforms) = preSolution
		Debug|Any CPU = Debug|Any CPU
		Release|Any CPU = Release|Any CPU
	EndGlobalSection
	GlobalSection(ProjectConfigurationPlatforms) = postSolution
		{DD746FD7-D82A-4824-9178-10CF51DCABB4}.Debug|Any CPU.ActiveCfg = Debug|Any CPU
		{DD746FD7-D82A-4824-9178-10CF51DCABB4}.Debug|Any CPU.Build.0 = Debug|Any CPU
		{DD746FD7-D82A-4824-9178-10CF51DCABB4}.Release|Any CPU.ActiveCfg = Release|Any CPU
		{DD746FD7-D82A-4824-9178-10CF51DCABB4}.Release|Any CPU.Build.0 = Release|Any CPU
		{7167A3D1-6B0A-4929-BC71-3EA10CCD875F}.Debug|Any CPU.ActiveCfg = Debug|Any CPU
		{7167A3D1-6B0A-4929-BC71-3EA10CCD875F}.Debug|Any CPU.Build.0 = Debug|Any CPU
		{7167A3D1-6B0A-4929-BC71-3EA10CCD875F}.Release|Any CPU.ActiveCfg = Release|Any CPU
		{7167A3D1-6B0A-4929-BC71-3EA10CCD875F}.Release|Any CPU.Build.0 = Release|Any CPU
		{C59DAA24-1630-41D7-A42F-32015F834B08}.Debug|Any CPU.ActiveCfg = Debug|Any CPU
		{C59DAA24-1630-41D7-A42F-32015F834B08}.Debug|Any CPU.Build.0 = Debug|Any CPU
		{C59DAA24-1630-41D7-A42F-32015F834B08}.Release|Any CPU.ActiveCfg = Release|Any CPU
		{C59DAA24-1630-41D7-A42F-32015F834B08}.Release|Any CPU.Build.0 = Release|Any CPU
		{B95B0E58-9296-4A15-AA69-10A7B6DC2267}.Debug|Any CPU.ActiveCfg = Debug|Any CPU
		{B95B0E58-9296-4A15-AA69-10A7B6DC2267}.Debug|Any CPU.Build.0 = Debug|Any CPU
		{B95B0E58-9296-4A15-AA69-10A7B6DC2267}.Release|Any CPU.ActiveCfg = Release|Any CPU
		{B95B0E58-9296-4A15-AA69-10A7B6DC2267}.Release|Any CPU.Build.0 = Release|Any CPU
		{19B66E6E-7E5E-481A-8718-3F9C44212AD6}.Debug|Any CPU.ActiveCfg = Debug|Any CPU
		{19B66E6E-7E5E-481A-8718-3F9C44212AD6}.Debug|Any CPU.Build.0 = Debug|Any CPU
		{19B66E6E-7E5E-481A-8718-3F9C44212AD6}.Release|Any CPU.ActiveCfg = Release|Any CPU
		{19B66E6E-7E5E-481A-8718-3F9C44212AD6}.Release|Any CPU.Build.0 = Release|Any CPU
		{0F6F8081-B090-4505-9FBC-F127AA18806F}.Debug|Any CPU.ActiveCfg = Debug|Any CPU
		{0F6F8081-B090-4505-9FBC-F127AA18806F}.Debug|Any CPU.Build.0 = Debug|Any CPU
		{0F6F8081-B090-4505-9FBC-F127AA18806F}.Release|Any CPU.ActiveCfg = Release|Any CPU
		{0F6F8081-B090-4505-9FBC-F127AA18806F}.Release|Any CPU.Build.0 = Release|Any CPU
		{8AAE3E6A-D6FE-4B35-AF27-731CE1996106}.Debug|Any CPU.ActiveCfg = Debug|Any CPU
		{8AAE3E6A-D6FE-4B35-AF27-731CE1996106}.Debug|Any CPU.Build.0 = Debug|Any CPU
		{8AAE3E6A-D6FE-4B35-AF27-731CE1996106}.Release|Any CPU.ActiveCfg = Release|Any CPU
		{8AAE3E6A-D6FE-4B35-AF27-731CE1996106}.Release|Any CPU.Build.0 = Release|Any CPU
		{796A4CE8-2724-43C9-BCD8-5CFD331AA541}.Debug|Any CPU.ActiveCfg = Debug|Any CPU
		{796A4CE8-2724-43C9-BCD8-5CFD331AA541}.Debug|Any CPU.Build.0 = Debug|Any CPU
		{796A4CE8-2724-43C9-BCD8-5CFD331AA541}.Release|Any CPU.ActiveCfg = Release|Any CPU
		{796A4CE8-2724-43C9-BCD8-5CFD331AA541}.Release|Any CPU.Build.0 = Release|Any CPU
		{651952E8-6D49-44E6-AB52-3C4BD78255FA}.Debug|Any CPU.ActiveCfg = Debug|Any CPU
		{651952E8-6D49-44E6-AB52-3C4BD78255FA}.Debug|Any CPU.Build.0 = Debug|Any CPU
		{651952E8-6D49-44E6-AB52-3C4BD78255FA}.Release|Any CPU.ActiveCfg = Release|Any CPU
		{651952E8-6D49-44E6-AB52-3C4BD78255FA}.Release|Any CPU.Build.0 = Release|Any CPU
		{4EABE8DA-0BCB-4BC6-A571-7618AC0EC4B6}.Debug|Any CPU.ActiveCfg = Debug|Any CPU
		{4EABE8DA-0BCB-4BC6-A571-7618AC0EC4B6}.Debug|Any CPU.Build.0 = Debug|Any CPU
		{4EABE8DA-0BCB-4BC6-A571-7618AC0EC4B6}.Release|Any CPU.ActiveCfg = Release|Any CPU
		{4EABE8DA-0BCB-4BC6-A571-7618AC0EC4B6}.Release|Any CPU.Build.0 = Release|Any CPU
		{A3EEF6F2-8509-4EB2-A8B3-B31786EBB248}.Debug|Any CPU.ActiveCfg = Debug|Any CPU
		{A3EEF6F2-8509-4EB2-A8B3-B31786EBB248}.Debug|Any CPU.Build.0 = Debug|Any CPU
		{A3EEF6F2-8509-4EB2-A8B3-B31786EBB248}.Release|Any CPU.ActiveCfg = Release|Any CPU
		{A3EEF6F2-8509-4EB2-A8B3-B31786EBB248}.Release|Any CPU.Build.0 = Release|Any CPU
	EndGlobalSection
	GlobalSection(SolutionProperties) = preSolution
		HideSolutionNode = FALSE
	EndGlobalSection
	GlobalSection(NestedProjects) = preSolution
		{B95B0E58-9296-4A15-AA69-10A7B6DC2267} = {04F7810B-65CE-4AD8-BBEB-54976ABA62A4}
		{19B66E6E-7E5E-481A-8718-3F9C44212AD6} = {04F7810B-65CE-4AD8-BBEB-54976ABA62A4}
		{0F6F8081-B090-4505-9FBC-F127AA18806F} = {04F7810B-65CE-4AD8-BBEB-54976ABA62A4}
		{8AAE3E6A-D6FE-4B35-AF27-731CE1996106} = {04F7810B-65CE-4AD8-BBEB-54976ABA62A4}
		{796A4CE8-2724-43C9-BCD8-5CFD331AA541} = {04F7810B-65CE-4AD8-BBEB-54976ABA62A4}
		{651952E8-6D49-44E6-AB52-3C4BD78255FA} = {04F7810B-65CE-4AD8-BBEB-54976ABA62A4}
		{4EABE8DA-0BCB-4BC6-A571-7618AC0EC4B6} = {04F7810B-65CE-4AD8-BBEB-54976ABA62A4}
		{A3EEF6F2-8509-4EB2-A8B3-B31786EBB248} = {04F7810B-65CE-4AD8-BBEB-54976ABA62A4}
	EndGlobalSection
	GlobalSection(MonoDevelopProperties) = preSolution
		StartupItem = WSCT.GUI.Launcher\WSCT.GUI.Launcher.csproj
	EndGlobalSection
	GlobalSection(MonoDevelopProperties) = preSolution
		StartupItem = WSCT.Core.ConsoleTests\WSCT.Core.ConsoleTests.csproj
	EndGlobalSection
EndGlobal
