
Microsoft Visual Studio Solution File, Format Version 12.00
# Visual Studio Version 16
VisualStudioVersion = 16.0.30011.22
MinimumVisualStudioVersion = 10.0.40219.1
Project("{FAE04EC0-301F-11D3-BF4B-00C04F79EFBC}") = "WSCT.IronPython", "WSCT.IronPython\WSCT.IronPython.csproj", "{DD746FD7-D82A-4824-9178-10CF51DCABB4}"
EndProject
Project("{FAE04EC0-301F-11D3-BF4B-00C04F79EFBC}") = "WSCT.IronPython.ConsoleTests", "WSCT.IronPython.ConsoleTests\WSCT.IronPython.ConsoleTests.csproj", "{7167A3D1-6B0A-4929-BC71-3EA10CCD875F}"
EndProject
Project("{FAE04EC0-301F-11D3-BF4B-00C04F79EFBC}") = "WSCT.IronPython.Execute", "WSCT.IronPython.Execute\WSCT.IronPython.Execute.csproj", "{C59DAA24-1630-41D7-A42F-32015F834B08}"
EndProject
Global
	GlobalSection(SolutionConfigurationPlatforms) = preSolution
		Debug|Any CPU = Debug|Any CPU
		Release|Any CPU = Release|Any CPU
	EndGlobalSection
	GlobalSection(ProjectConfigurationPlatforms) = postSolution
		{DD746FD7-D82A-4824-9178-10CF51DCABB4}.Debug|Any CPU.ActiveCfg = Debug|Any CPU
		{DD746FD7-D82A-4824-9178-10CF51DCABB4}.Debug|Any CPU.Build.0 = Debug|Any CPU
		{DD746FD7-D82A-4824-9178-10CF51DCABB4}.Release|Any CPU.ActiveCfg = Release|Any CPU
		{DD746FD7-D82A-4824-9178-10CF51DCABB4}.Release|Any CPU.Build.0 = Release|Any CPU
		{7167A3D1-6B0A-4929-BC71-3EA10CCD875F}.Debug|Any CPU.ActiveCfg = Debug|Any CPU
		{7167A3D1-6B0A-4929-BC71-3EA10CCD875F}.Debug|Any CPU.Build.0 = Debug|Any CPU
		{7167A3D1-6B0A-4929-BC71-3EA10CCD875F}.Release|Any CPU.ActiveCfg = Release|Any CPU
		{7167A3D1-6B0A-4929-BC71-3EA10CCD875F}.Release|Any CPU.Build.0 = Release|Any CPU
		{C59DAA24-1630-41D7-A42F-32015F834B08}.Debug|Any CPU.ActiveCfg = Debug|Any CPU
		{C59DAA24-1630-41D7-A42F-32015F834B08}.Debug|Any CPU.Build.0 = Debug|Any CPU
		{C59DAA24-1630-41D7-A42F-32015F834B08}.Release|Any CPU.ActiveCfg = Release|Any CPU
		{C59DAA24-1630-41D7-A42F-32015F834B08}.Release|Any CPU.Build.0 = Release|Any CPU
	EndGlobalSection
	GlobalSection(SolutionProperties) = preSolution
		HideSolutionNode = FALSE
	EndGlobalSection
	GlobalSection(ExtensibilityGlobals) = postSolution
		SolutionGuid = {B13C7A0C-ED76-481E-AF0A-4015FACFCAD5}
	EndGlobalSection
	GlobalSection(MonoDevelopProperties) = preSolution
		StartupItem = WSCT.GUI.Launcher\WSCT.GUI.Launcher.csproj
	EndGlobalSection
	GlobalSection(MonoDevelopProperties) = preSolution
		StartupItem = WSCT.Core.ConsoleTests\WSCT.Core.ConsoleTests.csproj
	EndGlobalSection
EndGlobal
